
Microsoft Visual Studio Solution File, Format Version 12.00
# Visual Studio Version 17
VisualStudioVersion = 17.11.35327.3
MinimumVisualStudioVersion = 10.0.40219.1
Project("{9A19103F-16F7-4668-BE54-9A1E7A4F7556}") = "AppRunner", "AppRunner\AppRunner.csproj", "{A72FE3BA-6AA5-4616-A330-3AD9F565FE23}"
EndProject
Project("{C7167F0D-BC9F-4E6E-AFE1-012C56B48DB5}") = "Package", "Package\Package.wapproj", "{64C68A76-C65E-451C-9DE3-69BFD5979956}"
EndProject
Global
	GlobalSection(SolutionConfigurationPlatforms) = preSolution
		Debug|Any CPU = Debug|Any CPU
		Debug|ARM = Debug|ARM
		Debug|ARM64 = Debug|ARM64
		Debug|x64 = Debug|x64
		Debug|x86 = Debug|x86
		Release|Any CPU = Release|Any CPU
		Release|ARM = Release|ARM
		Release|ARM64 = Release|ARM64
		Release|x64 = Release|x64
		Release|x86 = Release|x86
	EndGlobalSection
	GlobalSection(ProjectConfigurationPlatforms) = postSolution
		{A72FE3BA-6AA5-4616-A330-3AD9F565FE23}.Debug|Any CPU.ActiveCfg = Debug|Any CPU
		{A72FE3BA-6AA5-4616-A330-3AD9F565FE23}.Debug|Any CPU.Build.0 = Debug|Any CPU
		{A72FE3BA-6AA5-4616-A330-3AD9F565FE23}.Debug|ARM.ActiveCfg = Debug|Any CPU
		{A72FE3BA-6AA5-4616-A330-3AD9F565FE23}.Debug|ARM.Build.0 = Debug|Any CPU
		{A72FE3BA-6AA5-4616-A330-3AD9F565FE23}.Debug|ARM64.ActiveCfg = Debug|Any CPU
		{A72FE3BA-6AA5-4616-A330-3AD9F565FE23}.Debug|ARM64.Build.0 = Debug|Any CPU
		{A72FE3BA-6AA5-4616-A330-3AD9F565FE23}.Debug|x64.ActiveCfg = Debug|Any CPU
		{A72FE3BA-6AA5-4616-A330-3AD9F565FE23}.Debug|x64.Build.0 = Debug|Any CPU
		{A72FE3BA-6AA5-4616-A330-3AD9F565FE23}.Debug|x86.ActiveCfg = Debug|Any CPU
		{A72FE3BA-6AA5-4616-A330-3AD9F565FE23}.Debug|x86.Build.0 = Debug|Any CPU
		{A72FE3BA-6AA5-4616-A330-3AD9F565FE23}.Release|Any CPU.ActiveCfg = Release|Any CPU
		{A72FE3BA-6AA5-4616-A330-3AD9F565FE23}.Release|Any CPU.Build.0 = Release|Any CPU
		{A72FE3BA-6AA5-4616-A330-3AD9F565FE23}.Release|ARM.ActiveCfg = Release|ARM32
		{A72FE3BA-6AA5-4616-A330-3AD9F565FE23}.Release|ARM.Build.0 = Release|ARM32
		{A72FE3BA-6AA5-4616-A330-3AD9F565FE23}.Release|ARM64.ActiveCfg = Release|ARM64
		{A72FE3BA-6AA5-4616-A330-3AD9F565FE23}.Release|ARM64.Build.0 = Release|ARM64
		{A72FE3BA-6AA5-4616-A330-3AD9F565FE23}.Release|x64.ActiveCfg = Release|x64
		{A72FE3BA-6AA5-4616-A330-3AD9F565FE23}.Release|x64.Build.0 = Release|x64
		{A72FE3BA-6AA5-4616-A330-3AD9F565FE23}.Release|x86.ActiveCfg = Release|x86
		{A72FE3BA-6AA5-4616-A330-3AD9F565FE23}.Release|x86.Build.0 = Release|x86
		{64C68A76-C65E-451C-9DE3-69BFD5979956}.Debug|Any CPU.ActiveCfg = Debug|Any CPU
		{64C68A76-C65E-451C-9DE3-69BFD5979956}.Debug|Any CPU.Build.0 = Debug|Any CPU
		{64C68A76-C65E-451C-9DE3-69BFD5979956}.Debug|Any CPU.Deploy.0 = Debug|Any CPU
		{64C68A76-C65E-451C-9DE3-69BFD5979956}.Debug|ARM.ActiveCfg = Debug|ARM
		{64C68A76-C65E-451C-9DE3-69BFD5979956}.Debug|ARM.Build.0 = Debug|ARM
		{64C68A76-C65E-451C-9DE3-69BFD5979956}.Debug|ARM.Deploy.0 = Debug|ARM
		{64C68A76-C65E-451C-9DE3-69BFD5979956}.Debug|ARM64.ActiveCfg = Debug|ARM64
		{64C68A76-C65E-451C-9DE3-69BFD5979956}.Debug|ARM64.Build.0 = Debug|ARM64
		{64C68A76-C65E-451C-9DE3-69BFD5979956}.Debug|ARM64.Deploy.0 = Debug|ARM64
		{64C68A76-C65E-451C-9DE3-69BFD5979956}.Debug|x64.ActiveCfg = Debug|x64
		{64C68A76-C65E-451C-9DE3-69BFD5979956}.Debug|x64.Build.0 = Debug|x64
		{64C68A76-C65E-451C-9DE3-69BFD5979956}.Debug|x64.Deploy.0 = Debug|x64
		{64C68A76-C65E-451C-9DE3-69BFD5979956}.Debug|x86.ActiveCfg = Debug|x86
		{64C68A76-C65E-451C-9DE3-69BFD5979956}.Debug|x86.Build.0 = Debug|x86
		{64C68A76-C65E-451C-9DE3-69BFD5979956}.Debug|x86.Deploy.0 = Debug|x86
		{64C68A76-C65E-451C-9DE3-69BFD5979956}.Release|Any CPU.ActiveCfg = Release|Any CPU
		{64C68A76-C65E-451C-9DE3-69BFD5979956}.Release|Any CPU.Build.0 = Release|Any CPU
		{64C68A76-C65E-451C-9DE3-69BFD5979956}.Release|Any CPU.Deploy.0 = Release|Any CPU
		{64C68A76-C65E-451C-9DE3-69BFD5979956}.Release|ARM.ActiveCfg = Release|ARM
		{64C68A76-C65E-451C-9DE3-69BFD5979956}.Release|ARM.Build.0 = Release|ARM
		{64C68A76-C65E-451C-9DE3-69BFD5979956}.Release|ARM.Deploy.0 = Release|ARM
		{64C68A76-C65E-451C-9DE3-69BFD5979956}.Release|ARM64.ActiveCfg = Release|ARM64
		{64C68A76-C65E-451C-9DE3-69BFD5979956}.Release|ARM64.Build.0 = Release|ARM64
		{64C68A76-C65E-451C-9DE3-69BFD5979956}.Release|ARM64.Deploy.0 = Release|ARM64
		{64C68A76-C65E-451C-9DE3-69BFD5979956}.Release|x64.ActiveCfg = Release|x64
		{64C68A76-C65E-451C-9DE3-69BFD5979956}.Release|x64.Build.0 = Release|x64
		{64C68A76-C65E-451C-9DE3-69BFD5979956}.Release|x64.Deploy.0 = Release|x64
		{64C68A76-C65E-451C-9DE3-69BFD5979956}.Release|x86.ActiveCfg = Release|x86
		{64C68A76-C65E-451C-9DE3-69BFD5979956}.Release|x86.Build.0 = Release|x86
		{64C68A76-C65E-451C-9DE3-69BFD5979956}.Release|x86.Deploy.0 = Release|x86
	EndGlobalSection
	GlobalSection(SolutionProperties) = preSolution
		HideSolutionNode = FALSE
	EndGlobalSection
	GlobalSection(ExtensibilityGlobals) = postSolution
		SolutionGuid = {E1048301-86CA-4A25-997B-29866364C66B}
	EndGlobalSection
EndGlobal
